
Microsoft Visual Studio Solution File, Format Version 12.00
# Visual Studio Version 17
VisualStudioVersion = 17.5.33530.505
MinimumVisualStudioVersion = 10.0.40219.1
Project("{C9674DCB-5085-4A16-B785-4C70DD1589BD}") = "DWHASS", "DWHASS\DWHASS.dtproj", "{34B803C7-92FC-40B8-8859-68343D9F657B}"
EndProject
Global
	GlobalSection(SolutionConfigurationPlatforms) = preSolution
		Development|Default = Development|Default
	EndGlobalSection
	GlobalSection(ProjectConfigurationPlatforms) = postSolution
		{34B803C7-92FC-40B8-8859-68343D9F657B}.Development|Default.ActiveCfg = Development
		{34B803C7-92FC-40B8-8859-68343D9F657B}.Development|Default.Build.0 = Development
	EndGlobalSection
	GlobalSection(SolutionProperties) = preSolution
		HideSolutionNode = FALSE
	EndGlobalSection
	GlobalSection(ExtensibilityGlobals) = postSolution
		SolutionGuid = {4E93B591-2280-4C44-82EC-790926814BA9}
	EndGlobalSection
EndGlobal
